
Microsoft Visual Studio Solution File, Format Version 12.00
# Visual Studio Version 17
VisualStudioVersion = 17.8.34330.188
MinimumVisualStudioVersion = 10.0.40219.1
Project("{9A19103F-16F7-4668-BE54-9A1E7A4F7556}") = "DoFramework", "DoFramework\DoFramework.csproj", "{F4A19CAE-C379-43FE-B1D3-4F065F6D247F}"
EndProject
Project("{FAE04EC0-301F-11D3-BF4B-00C04F79EFBC}") = "DoFrameworkTests", "DoFrameworkTests\DoFrameworkTests.csproj", "{B0595809-456E-4949-9FA7-F4F0B592AD36}"
EndProject
Project("{FAE04EC0-301F-11D3-BF4B-00C04F79EFBC}") = "PSDoFramework.Tool", "PSDoFramework.Tool\PSDoFramework.Tool.csproj", "{74195855-0B71-4990-B0FB-6FD440BBB162}"
EndProject
Project("{FAE04EC0-301F-11D3-BF4B-00C04F79EFBC}") = "PSDoFramework.ToolTests", "PSDoFramework.ToolTests\PSDoFramework.ToolTests.csproj", "{54D8DA5F-938F-4AA8-A089-30D51072828F}"
EndProject
Global
	GlobalSection(SolutionConfigurationPlatforms) = preSolution
		Debug|Any CPU = Debug|Any CPU
		Release|Any CPU = Release|Any CPU
	EndGlobalSection
	GlobalSection(ProjectConfigurationPlatforms) = postSolution
		{F4A19CAE-C379-43FE-B1D3-4F065F6D247F}.Debug|Any CPU.ActiveCfg = Debug|Any CPU
		{F4A19CAE-C379-43FE-B1D3-4F065F6D247F}.Debug|Any CPU.Build.0 = Debug|Any CPU
		{F4A19CAE-C379-43FE-B1D3-4F065F6D247F}.Release|Any CPU.ActiveCfg = Release|Any CPU
		{F4A19CAE-C379-43FE-B1D3-4F065F6D247F}.Release|Any CPU.Build.0 = Release|Any CPU
		{B0595809-456E-4949-9FA7-F4F0B592AD36}.Debug|Any CPU.ActiveCfg = Debug|Any CPU
		{B0595809-456E-4949-9FA7-F4F0B592AD36}.Debug|Any CPU.Build.0 = Debug|Any CPU
		{B0595809-456E-4949-9FA7-F4F0B592AD36}.Release|Any CPU.ActiveCfg = Release|Any CPU
		{B0595809-456E-4949-9FA7-F4F0B592AD36}.Release|Any CPU.Build.0 = Release|Any CPU
		{74195855-0B71-4990-B0FB-6FD440BBB162}.Debug|Any CPU.ActiveCfg = Debug|Any CPU
		{74195855-0B71-4990-B0FB-6FD440BBB162}.Debug|Any CPU.Build.0 = Debug|Any CPU
		{74195855-0B71-4990-B0FB-6FD440BBB162}.Release|Any CPU.ActiveCfg = Release|Any CPU
		{74195855-0B71-4990-B0FB-6FD440BBB162}.Release|Any CPU.Build.0 = Release|Any CPU
		{54D8DA5F-938F-4AA8-A089-30D51072828F}.Debug|Any CPU.ActiveCfg = Debug|Any CPU
		{54D8DA5F-938F-4AA8-A089-30D51072828F}.Debug|Any CPU.Build.0 = Debug|Any CPU
		{54D8DA5F-938F-4AA8-A089-30D51072828F}.Release|Any CPU.ActiveCfg = Release|Any CPU
		{54D8DA5F-938F-4AA8-A089-30D51072828F}.Release|Any CPU.Build.0 = Release|Any CPU
	EndGlobalSection
	GlobalSection(SolutionProperties) = preSolution
		HideSolutionNode = FALSE
	EndGlobalSection
	GlobalSection(ExtensibilityGlobals) = postSolution
		SolutionGuid = {BBDB9B48-3650-4476-8E4E-2E9FFD8E506A}
	EndGlobalSection
EndGlobal
